// !$*UTF8*$!
{
	archiveVersion = 1;
	classes = {
	};
	objectVersion = 50;
	objects = {

/* Begin PBXFileReference section */
		DFB0431A22B5795E00F06E0F /* hotpatch */ = {isa = PBXFileReference; lastKnownFileType = folder; path = hotpatch; sourceTree = "<group>"; };
		DFB0431B22B5795E00F06E0F /* config.plist */ = {isa = PBXFileReference; lastKnownFileType = text.plist.xml; path = config.plist; sourceTree = "<group>"; };
		DFB0431D22B5795E00F06E0F /* README.md */ = {isa = PBXFileReference; lastKnownFileType = net.daringfireball.markdown; path = README.md; sourceTree = "<group>"; };
		DFF8B51022E7A3E000A546C8 /* SSDT-HP.aml */ = {isa = PBXFileReference; lastKnownFileType = file; path = "SSDT-HP.aml"; sourceTree = "<group>"; };
/* End PBXFileReference section */

/* Begin PBXGroup section */
		DFB0431322B5792900F06E0F = {
			isa = PBXGroup;
			children = (
				DFB0431B22B5795E00F06E0F /* config.plist */,
				DFB0431A22B5795E00F06E0F /* hotpatch */,
				DFB0431D22B5795E00F06E0F /* README.md */,
				DFF8B51022E7A3E000A546C8 /* SSDT-HP.aml */,
			);
			sourceTree = "<group>";
		};
/* End PBXGroup section */

/* Begin PBXProject section */
		DFB0431422B5792900F06E0F /* Project object */ = {
			isa = PBXProject;
			attributes = {
				LastUpgradeCheck = 1020;
			};
			buildConfigurationList = DFB0431722B5792900F06E0F /* Build configuration list for PBXProject "HP6300-HP8300" */;
			compatibilityVersion = "Xcode 9.3";
			developmentRegion = en;
			hasScannedForEncodings = 0;
			knownRegions = (
				en,
			);
			mainGroup = DFB0431322B5792900F06E0F;
			projectDirPath = "";
			projectRoot = "";
			targets = (
			);
		};
/* End PBXProject section */

/* Begin XCBuildConfiguration section */
		DFB0431822B5792900F06E0F /* Debug */ = {
			isa = XCBuildConfiguration;
			buildSettings = {
			};
			name = Debug;
		};
		DFB0431922B5792900F06E0F /* Release */ = {
			isa = XCBuildConfiguration;
			buildSettings = {
			};
			name = Release;
		};
/* End XCBuildConfiguration section */

/* Begin XCConfigurationList section */
		DFB0431722B5792900F06E0F /* Build configuration list for PBXProject "HP6300-HP8300" */ = {
			isa = XCConfigurationList;
			buildConfigurations = (
				DFB0431822B5792900F06E0F /* Debug */,
				DFB0431922B5792900F06E0F /* Release */,
			);
			defaultConfigurationIsVisible = 0;
			defaultConfigurationName = Release;
		};
/* End XCConfigurationList section */
	};
	rootObject = DFB0431422B5792900F06E0F /* Project object */;
}
