// !$*UTF8*$!
{
	archiveVersion = 1;
	classes = {
	};
	objectVersion = 50;
	objects = {

/* Begin PBXFileReference section */
		DF553AAF23C2300E00C22239 /* kexts */ = {isa = PBXFileReference; lastKnownFileType = folder; path = kexts; sourceTree = "<group>"; };
		DF553AB023C2300E00C22239 /* ACPI */ = {isa = PBXFileReference; lastKnownFileType = folder; name = ACPI; path = ../../Desktop/HP/ACPI; sourceTree = "<group>"; };
		DF553AB123C2300E00C22239 /* hotpatch */ = {isa = PBXFileReference; lastKnownFileType = folder; path = hotpatch; sourceTree = "<group>"; };
		DFB0431B22B5795E00F06E0F /* config_HD4000.plist */ = {isa = PBXFileReference; lastKnownFileType = text.plist.xml; path = config_HD4000.plist; sourceTree = "<group>"; };
		DFB0431D22B5795E00F06E0F /* README.md */ = {isa = PBXFileReference; lastKnownFileType = net.daringfireball.markdown; path = README.md; sourceTree = "<group>"; };
		DFF08032232E67BB003AE28D /* config_HD2500.plist */ = {isa = PBXFileReference; lastKnownFileType = text.plist.xml; path = config_HD2500.plist; sourceTree = "<group>"; };
/* End PBXFileReference section */

/* Begin PBXGroup section */
		DFB0431322B5792900F06E0F = {
			isa = PBXGroup;
			children = (
				DFB0431B22B5795E00F06E0F /* config_HD4000.plist */,
				DFF08032232E67BB003AE28D /* config_HD2500.plist */,
				DFB0431D22B5795E00F06E0F /* README.md */,
				DF553AB023C2300E00C22239 /* ACPI */,
				DF553AB123C2300E00C22239 /* hotpatch */,
				DF553AAF23C2300E00C22239 /* kexts */,
			);
			sourceTree = "<group>";
		};
/* End PBXGroup section */

/* Begin PBXProject section */
		DFB0431422B5792900F06E0F /* Project object */ = {
			isa = PBXProject;
			attributes = {
				LastUpgradeCheck = 1020;
			};
			buildConfigurationList = DFB0431722B5792900F06E0F /* Build configuration list for PBXProject "HP6300-HP8300" */;
			compatibilityVersion = "Xcode 9.3";
			developmentRegion = en;
			hasScannedForEncodings = 0;
			knownRegions = (
				en,
			);
			mainGroup = DFB0431322B5792900F06E0F;
			projectDirPath = "";
			projectRoot = "";
			targets = (
			);
		};
/* End PBXProject section */

/* Begin XCBuildConfiguration section */
		DFB0431822B5792900F06E0F /* Debug */ = {
			isa = XCBuildConfiguration;
			buildSettings = {
			};
			name = Debug;
		};
		DFB0431922B5792900F06E0F /* Release */ = {
			isa = XCBuildConfiguration;
			buildSettings = {
			};
			name = Release;
		};
/* End XCBuildConfiguration section */

/* Begin XCConfigurationList section */
		DFB0431722B5792900F06E0F /* Build configuration list for PBXProject "HP6300-HP8300" */ = {
			isa = XCConfigurationList;
			buildConfigurations = (
				DFB0431822B5792900F06E0F /* Debug */,
				DFB0431922B5792900F06E0F /* Release */,
			);
			defaultConfigurationIsVisible = 0;
			defaultConfigurationName = Release;
		};
/* End XCConfigurationList section */
	};
	rootObject = DFB0431422B5792900F06E0F /* Project object */;
}
